// !$*UTF8*$!
{
	archiveVersion = 1;
	classes = {
	};
	objectVersion = 56;
	objects = {

/* Begin PBXBuildFile section */
		830027612C77E2FA002348A0 /* VideoPlayerViewController.swift in Sources */ = {isa = PBXBuildFile; fileRef = 830027602C77E2FA002348A0 /* VideoPlayerViewController.swift */; };
		831210672C77B55300D9BB85 /* ViewController.swift in Sources */ = {isa = PBXBuildFile; fileRef = 831210662C77B55300D9BB85 /* ViewController.swift */; };
		836CE4652C76C45B005EB274 /* CameraManager.swift in Sources */ = {isa = PBXBuildFile; fileRef = 836CE4642C76C45B005EB274 /* CameraManager.swift */; };
		83A2A05E2C77AD3D002385A5 /* OrientationManager.swift in Sources */ = {isa = PBXBuildFile; fileRef = 83A2A05D2C77AD3D002385A5 /* OrientationManager.swift */; };
		83DDA7252C769E8D00C66EB7 /* SwingSensei_AIApp.swift in Sources */ = {isa = PBXBuildFile; fileRef = 83DDA7242C769E8D00C66EB7 /* SwingSensei_AIApp.swift */; };
		83DDA7272C769E8D00C66EB7 /* Persistence.swift in Sources */ = {isa = PBXBuildFile; fileRef = 83DDA7262C769E8D00C66EB7 /* Persistence.swift */; };
		83DDA72A2C769E8D00C66EB7 /* SwingSensei_AI.xcdatamodeld in Sources */ = {isa = PBXBuildFile; fileRef = 83DDA7282C769E8D00C66EB7 /* SwingSensei_AI.xcdatamodeld */; };
		83DDA72C2C769E8D00C66EB7 /* ContentView.swift in Sources */ = {isa = PBXBuildFile; fileRef = 83DDA72B2C769E8D00C66EB7 /* ContentView.swift */; };
		83DDA72E2C769E8E00C66EB7 /* Assets.xcassets in Resources */ = {isa = PBXBuildFile; fileRef = 83DDA72D2C769E8E00C66EB7 /* Assets.xcassets */; };
		83DDA7322C769E8E00C66EB7 /* Preview Assets.xcassets in Resources */ = {isa = PBXBuildFile; fileRef = 83DDA7312C769E8E00C66EB7 /* Preview Assets.xcassets */; };
		83DDA73C2C769E8F00C66EB7 /* SwingSensei_AITests.swift in Sources */ = {isa = PBXBuildFile; fileRef = 83DDA73B2C769E8F00C66EB7 /* SwingSensei_AITests.swift */; };
		83DDA7462C769E8F00C66EB7 /* SwingSensei_AIUITests.swift in Sources */ = {isa = PBXBuildFile; fileRef = 83DDA7452C769E8F00C66EB7 /* SwingSensei_AIUITests.swift */; };
		83DDA7482C769E8F00C66EB7 /* SwingSensei_AIUITestsLaunchTests.swift in Sources */ = {isa = PBXBuildFile; fileRef = 83DDA7472C769E8F00C66EB7 /* SwingSensei_AIUITestsLaunchTests.swift */; };
/* End PBXBuildFile section */

/* Begin PBXContainerItemProxy section */
		83DDA7382C769E8F00C66EB7 /* PBXContainerItemProxy */ = {
			isa = PBXContainerItemProxy;
			containerPortal = 83DDA7192C769E8D00C66EB7 /* Project object */;
			proxyType = 1;
			remoteGlobalIDString = 83DDA7202C769E8D00C66EB7;
			remoteInfo = "SwingSensei AI";
		};
		83DDA7422C769E8F00C66EB7 /* PBXContainerItemProxy */ = {
			isa = PBXContainerItemProxy;
			containerPortal = 83DDA7192C769E8D00C66EB7 /* Project object */;
			proxyType = 1;
			remoteGlobalIDString = 83DDA7202C769E8D00C66EB7;
			remoteInfo = "SwingSensei AI";
		};
/* End PBXContainerItemProxy section */

/* Begin PBXFileReference section */
		830027602C77E2FA002348A0 /* VideoPlayerViewController.swift */ = {isa = PBXFileReference; lastKnownFileType = sourcecode.swift; path = VideoPlayerViewController.swift; sourceTree = "<group>"; };
		831210662C77B55300D9BB85 /* ViewController.swift */ = {isa = PBXFileReference; lastKnownFileType = sourcecode.swift; path = ViewController.swift; sourceTree = "<group>"; };
		836CE4642C76C45B005EB274 /* CameraManager.swift */ = {isa = PBXFileReference; lastKnownFileType = sourcecode.swift; path = CameraManager.swift; sourceTree = "<group>"; };
		83A2A05D2C77AD3D002385A5 /* OrientationManager.swift */ = {isa = PBXFileReference; lastKnownFileType = sourcecode.swift; path = OrientationManager.swift; sourceTree = "<group>"; };
		83DDA7212C769E8D00C66EB7 /* SwingSensei AI.app */ = {isa = PBXFileReference; explicitFileType = wrapper.application; includeInIndex = 0; path = "SwingSensei AI.app"; sourceTree = BUILT_PRODUCTS_DIR; };
		83DDA7242C769E8D00C66EB7 /* SwingSensei_AIApp.swift */ = {isa = PBXFileReference; lastKnownFileType = sourcecode.swift; path = SwingSensei_AIApp.swift; sourceTree = "<group>"; };
		83DDA7262C769E8D00C66EB7 /* Persistence.swift */ = {isa = PBXFileReference; lastKnownFileType = sourcecode.swift; path = Persistence.swift; sourceTree = "<group>"; };
		83DDA7292C769E8D00C66EB7 /* SwingSensei_AI.xcdatamodel */ = {isa = PBXFileReference; lastKnownFileType = wrapper.xcdatamodel; path = SwingSensei_AI.xcdatamodel; sourceTree = "<group>"; };
		83DDA72B2C769E8D00C66EB7 /* ContentView.swift */ = {isa = PBXFileReference; lastKnownFileType = sourcecode.swift; path = ContentView.swift; sourceTree = "<group>"; };
		83DDA72D2C769E8E00C66EB7 /* Assets.xcassets */ = {isa = PBXFileReference; lastKnownFileType = folder.assetcatalog; path = Assets.xcassets; sourceTree = "<group>"; };
		83DDA72F2C769E8E00C66EB7 /* SwingSensei_AI.entitlements */ = {isa = PBXFileReference; lastKnownFileType = text.plist.entitlements; path = SwingSensei_AI.entitlements; sourceTree = "<group>"; };
		83DDA7312C769E8E00C66EB7 /* Preview Assets.xcassets */ = {isa = PBXFileReference; lastKnownFileType = folder.assetcatalog; path = "Preview Assets.xcassets"; sourceTree = "<group>"; };
		83DDA7372C769E8F00C66EB7 /* SwingSensei AITests.xctest */ = {isa = PBXFileReference; explicitFileType = wrapper.cfbundle; includeInIndex = 0; path = "SwingSensei AITests.xctest"; sourceTree = BUILT_PRODUCTS_DIR; };
		83DDA73B2C769E8F00C66EB7 /* SwingSensei_AITests.swift */ = {isa = PBXFileReference; lastKnownFileType = sourcecode.swift; path = SwingSensei_AITests.swift; sourceTree = "<group>"; };
		83DDA7412C769E8F00C66EB7 /* SwingSensei AIUITests.xctest */ = {isa = PBXFileReference; explicitFileType = wrapper.cfbundle; includeInIndex = 0; path = "SwingSensei AIUITests.xctest"; sourceTree = BUILT_PRODUCTS_DIR; };
		83DDA7452C769E8F00C66EB7 /* SwingSensei_AIUITests.swift */ = {isa = PBXFileReference; lastKnownFileType = sourcecode.swift; path = SwingSensei_AIUITests.swift; sourceTree = "<group>"; };
		83DDA7472C769E8F00C66EB7 /* SwingSensei_AIUITestsLaunchTests.swift */ = {isa = PBXFileReference; lastKnownFileType = sourcecode.swift; path = SwingSensei_AIUITestsLaunchTests.swift; sourceTree = "<group>"; };
/* End PBXFileReference section */

/* Begin PBXFrameworksBuildPhase section */
		83DDA71E2C769E8D00C66EB7 /* Frameworks */ = {
			isa = PBXFrameworksBuildPhase;
			buildActionMask = 2147483647;
			files = (
			);
			runOnlyForDeploymentPostprocessing = 0;
		};
		83DDA7342C769E8F00C66EB7 /* Frameworks */ = {
			isa = PBXFrameworksBuildPhase;
			buildActionMask = 2147483647;
			files = (
			);
			runOnlyForDeploymentPostprocessing = 0;
		};
		83DDA73E2C769E8F00C66EB7 /* Frameworks */ = {
			isa = PBXFrameworksBuildPhase;
			buildActionMask = 2147483647;
			files = (
			);
			runOnlyForDeploymentPostprocessing = 0;
		};
/* End PBXFrameworksBuildPhase section */

/* Begin PBXGroup section */
		83DDA7182C769E8D00C66EB7 = {
			isa = PBXGroup;
			children = (
				836CE4642C76C45B005EB274 /* CameraManager.swift */,
				83DDA7232C769E8D00C66EB7 /* SwingSensei AI */,
				83DDA73A2C769E8F00C66EB7 /* SwingSensei AITests */,
				83DDA7442C769E8F00C66EB7 /* SwingSensei AIUITests */,
				83DDA7222C769E8D00C66EB7 /* Products */,
			);
			sourceTree = "<group>";
		};
		83DDA7222C769E8D00C66EB7 /* Products */ = {
			isa = PBXGroup;
			children = (
				83DDA7212C769E8D00C66EB7 /* SwingSensei AI.app */,
				83DDA7372C769E8F00C66EB7 /* SwingSensei AITests.xctest */,
				83DDA7412C769E8F00C66EB7 /* SwingSensei AIUITests.xctest */,
			);
			name = Products;
			sourceTree = "<group>";
		};
		83DDA7232C769E8D00C66EB7 /* SwingSensei AI */ = {
			isa = PBXGroup;
			children = (
				83DDA7242C769E8D00C66EB7 /* SwingSensei_AIApp.swift */,
				83DDA7262C769E8D00C66EB7 /* Persistence.swift */,
				83DDA72B2C769E8D00C66EB7 /* ContentView.swift */,
				831210662C77B55300D9BB85 /* ViewController.swift */,
				830027602C77E2FA002348A0 /* VideoPlayerViewController.swift */,
				83A2A05D2C77AD3D002385A5 /* OrientationManager.swift */,
				83DDA72D2C769E8E00C66EB7 /* Assets.xcassets */,
				83DDA72F2C769E8E00C66EB7 /* SwingSensei_AI.entitlements */,
				83DDA7282C769E8D00C66EB7 /* SwingSensei_AI.xcdatamodeld */,
				83DDA7302C769E8E00C66EB7 /* Preview Content */,
			);
			path = "SwingSensei AI";
			sourceTree = "<group>";
		};
		83DDA7302C769E8E00C66EB7 /* Preview Content */ = {
			isa = PBXGroup;
			children = (
				83DDA7312C769E8E00C66EB7 /* Preview Assets.xcassets */,
			);
			path = "Preview Content";
			sourceTree = "<group>";
		};
		83DDA73A2C769E8F00C66EB7 /* SwingSensei AITests */ = {
			isa = PBXGroup;
			children = (
				83DDA73B2C769E8F00C66EB7 /* SwingSensei_AITests.swift */,
			);
			path = "SwingSensei AITests";
			sourceTree = "<group>";
		};
		83DDA7442C769E8F00C66EB7 /* SwingSensei AIUITests */ = {
			isa = PBXGroup;
			children = (
				83DDA7452C769E8F00C66EB7 /* SwingSensei_AIUITests.swift */,
				83DDA7472C769E8F00C66EB7 /* SwingSensei_AIUITestsLaunchTests.swift */,
			);
			path = "SwingSensei AIUITests";
			sourceTree = "<group>";
		};
/* End PBXGroup section */

/* Begin PBXNativeTarget section */
		83DDA7202C769E8D00C66EB7 /* SwingSensei AI */ = {
			isa = PBXNativeTarget;
			buildConfigurationList = 83DDA74B2C769E8F00C66EB7 /* Build configuration list for PBXNativeTarget "SwingSensei AI" */;
			buildPhases = (
				83DDA71D2C769E8D00C66EB7 /* Sources */,
				83DDA71E2C769E8D00C66EB7 /* Frameworks */,
				83DDA71F2C769E8D00C66EB7 /* Resources */,
			);
			buildRules = (
			);
			dependencies = (
			);
			name = "SwingSensei AI";
			productName = "SwingSensei AI";
			productReference = 83DDA7212C769E8D00C66EB7 /* SwingSensei AI.app */;
			productType = "com.apple.product-type.application";
		};
		83DDA7362C769E8F00C66EB7 /* SwingSensei AITests */ = {
			isa = PBXNativeTarget;
			buildConfigurationList = 83DDA74E2C769E8F00C66EB7 /* Build configuration list for PBXNativeTarget "SwingSensei AITests" */;
			buildPhases = (
				83DDA7332C769E8F00C66EB7 /* Sources */,
				83DDA7342C769E8F00C66EB7 /* Frameworks */,
				83DDA7352C769E8F00C66EB7 /* Resources */,
			);
			buildRules = (
			);
			dependencies = (
				83DDA7392C769E8F00C66EB7 /* PBXTargetDependency */,
			);
			name = "SwingSensei AITests";
			productName = "SwingSensei AITests";
			productReference = 83DDA7372C769E8F00C66EB7 /* SwingSensei AITests.xctest */;
			productType = "com.apple.product-type.bundle.unit-test";
		};
		83DDA7402C769E8F00C66EB7 /* SwingSensei AIUITests */ = {
			isa = PBXNativeTarget;
			buildConfigurationList = 83DDA7512C769E8F00C66EB7 /* Build configuration list for PBXNativeTarget "SwingSensei AIUITests" */;
			buildPhases = (
				83DDA73D2C769E8F00C66EB7 /* Sources */,
				83DDA73E2C769E8F00C66EB7 /* Frameworks */,
				83DDA73F2C769E8F00C66EB7 /* Resources */,
			);
			buildRules = (
			);
			dependencies = (
				83DDA7432C769E8F00C66EB7 /* PBXTargetDependency */,
			);
			name = "SwingSensei AIUITests";
			productName = "SwingSensei AIUITests";
			productReference = 83DDA7412C769E8F00C66EB7 /* SwingSensei AIUITests.xctest */;
			productType = "com.apple.product-type.bundle.ui-testing";
		};
/* End PBXNativeTarget section */

/* Begin PBXProject section */
		83DDA7192C769E8D00C66EB7 /* Project object */ = {
			isa = PBXProject;
			attributes = {
				BuildIndependentTargetsInParallel = 1;
				LastSwiftUpdateCheck = 1540;
				LastUpgradeCheck = 1540;
				TargetAttributes = {
					83DDA7202C769E8D00C66EB7 = {
						CreatedOnToolsVersion = 15.4;
					};
					83DDA7362C769E8F00C66EB7 = {
						CreatedOnToolsVersion = 15.4;
						TestTargetID = 83DDA7202C769E8D00C66EB7;
					};
					83DDA7402C769E8F00C66EB7 = {
						CreatedOnToolsVersion = 15.4;
						TestTargetID = 83DDA7202C769E8D00C66EB7;
					};
				};
			};
			buildConfigurationList = 83DDA71C2C769E8D00C66EB7 /* Build configuration list for PBXProject "SwingSensei AI" */;
			compatibilityVersion = "Xcode 14.0";
			developmentRegion = en;
			hasScannedForEncodings = 0;
			knownRegions = (
				en,
				Base,
			);
			mainGroup = 83DDA7182C769E8D00C66EB7;
			productRefGroup = 83DDA7222C769E8D00C66EB7 /* Products */;
			projectDirPath = "";
			projectRoot = "";
			targets = (
				83DDA7202C769E8D00C66EB7 /* SwingSensei AI */,
				83DDA7362C769E8F00C66EB7 /* SwingSensei AITests */,
				83DDA7402C769E8F00C66EB7 /* SwingSensei AIUITests */,
			);
		};
/* End PBXProject section */

/* Begin PBXResourcesBuildPhase section */
		83DDA71F2C769E8D00C66EB7 /* Resources */ = {
			isa = PBXResourcesBuildPhase;
			buildActionMask = 2147483647;
			files = (
				83DDA7322C769E8E00C66EB7 /* Preview Assets.xcassets in Resources */,
				83DDA72E2C769E8E00C66EB7 /* Assets.xcassets in Resources */,
			);
			runOnlyForDeploymentPostprocessing = 0;
		};
		83DDA7352C769E8F00C66EB7 /* Resources */ = {
			isa = PBXResourcesBuildPhase;
			buildActionMask = 2147483647;
			files = (
			);
			runOnlyForDeploymentPostprocessing = 0;
		};
		83DDA73F2C769E8F00C66EB7 /* Resources */ = {
			isa = PBXResourcesBuildPhase;
			buildActionMask = 2147483647;
			files = (
			);
			runOnlyForDeploymentPostprocessing = 0;
		};
/* End PBXResourcesBuildPhase section */

/* Begin PBXSourcesBuildPhase section */
		83DDA71D2C769E8D00C66EB7 /* Sources */ = {
			isa = PBXSourcesBuildPhase;
			buildActionMask = 2147483647;
			files = (
				83DDA7252C769E8D00C66EB7 /* SwingSensei_AIApp.swift in Sources */,
				83DDA72A2C769E8D00C66EB7 /* SwingSensei_AI.xcdatamodeld in Sources */,
				83A2A05E2C77AD3D002385A5 /* OrientationManager.swift in Sources */,
				83DDA72C2C769E8D00C66EB7 /* ContentView.swift in Sources */,
				831210672C77B55300D9BB85 /* ViewController.swift in Sources */,
				830027612C77E2FA002348A0 /* VideoPlayerViewController.swift in Sources */,
				83DDA7272C769E8D00C66EB7 /* Persistence.swift in Sources */,
				836CE4652C76C45B005EB274 /* CameraManager.swift in Sources */,
			);
			runOnlyForDeploymentPostprocessing = 0;
		};
		83DDA7332C769E8F00C66EB7 /* Sources */ = {
			isa = PBXSourcesBuildPhase;
			buildActionMask = 2147483647;
			files = (
				83DDA73C2C769E8F00C66EB7 /* SwingSensei_AITests.swift in Sources */,
			);
			runOnlyForDeploymentPostprocessing = 0;
		};
		83DDA73D2C769E8F00C66EB7 /* Sources */ = {
			isa = PBXSourcesBuildPhase;
			buildActionMask = 2147483647;
			files = (
				83DDA7482C769E8F00C66EB7 /* SwingSensei_AIUITestsLaunchTests.swift in Sources */,
				83DDA7462C769E8F00C66EB7 /* SwingSensei_AIUITests.swift in Sources */,
			);
			runOnlyForDeploymentPostprocessing = 0;
		};
/* End PBXSourcesBuildPhase section */

/* Begin PBXTargetDependency section */
		83DDA7392C769E8F00C66EB7 /* PBXTargetDependency */ = {
			isa = PBXTargetDependency;
			target = 83DDA7202C769E8D00C66EB7 /* SwingSensei AI */;
			targetProxy = 83DDA7382C769E8F00C66EB7 /* PBXContainerItemProxy */;
		};
		83DDA7432C769E8F00C66EB7 /* PBXTargetDependency */ = {
			isa = PBXTargetDependency;
			target = 83DDA7202C769E8D00C66EB7 /* SwingSensei AI */;
			targetProxy = 83DDA7422C769E8F00C66EB7 /* PBXContainerItemProxy */;
		};
/* End PBXTargetDependency section */

/* Begin XCBuildConfiguration section */
		83DDA7492C769E8F00C66EB7 /* Debug */ = {
			isa = XCBuildConfiguration;
			buildSettings = {
				ALWAYS_SEARCH_USER_PATHS = NO;
				ASSETCATALOG_COMPILER_GENERATE_SWIFT_ASSET_SYMBOL_EXTENSIONS = YES;
				CLANG_ANALYZER_NONNULL = YES;
				CLANG_ANALYZER_NUMBER_OBJECT_CONVERSION = YES_AGGRESSIVE;
				CLANG_CXX_LANGUAGE_STANDARD = "gnu++20";
				CLANG_ENABLE_MODULES = YES;
				CLANG_ENABLE_OBJC_ARC = YES;
				CLANG_ENABLE_OBJC_WEAK = YES;
				CLANG_WARN_BLOCK_CAPTURE_AUTORELEASING = YES;
				CLANG_WARN_BOOL_CONVERSION = YES;
				CLANG_WARN_COMMA = YES;
				CLANG_WARN_CONSTANT_CONVERSION = YES;
				CLANG_WARN_DEPRECATED_OBJC_IMPLEMENTATIONS = YES;
				CLANG_WARN_DIRECT_OBJC_ISA_USAGE = YES_ERROR;
				CLANG_WARN_DOCUMENTATION_COMMENTS = YES;
				CLANG_WARN_EMPTY_BODY = YES;
				CLANG_WARN_ENUM_CONVERSION = YES;
				CLANG_WARN_INFINITE_RECURSION = YES;
				CLANG_WARN_INT_CONVERSION = YES;
				CLANG_WARN_NON_LITERAL_NULL_CONVERSION = YES;
				CLANG_WARN_OBJC_IMPLICIT_RETAIN_SELF = YES;
				CLANG_WARN_OBJC_LITERAL_CONVERSION = YES;
				CLANG_WARN_OBJC_ROOT_CLASS = YES_ERROR;
				CLANG_WARN_QUOTED_INCLUDE_IN_FRAMEWORK_HEADER = YES;
				CLANG_WARN_RANGE_LOOP_ANALYSIS = YES;
				CLANG_WARN_STRICT_PROTOTYPES = YES;
				CLANG_WARN_SUSPICIOUS_MOVE = YES;
				CLANG_WARN_UNGUARDED_AVAILABILITY = YES_AGGRESSIVE;
				CLANG_WARN_UNREACHABLE_CODE = YES;
				CLANG_WARN__DUPLICATE_METHOD_MATCH = YES;
				COPY_PHASE_STRIP = NO;
				DEBUG_INFORMATION_FORMAT = dwarf;
				ENABLE_STRICT_OBJC_MSGSEND = YES;
				ENABLE_TESTABILITY = YES;
				ENABLE_USER_SCRIPT_SANDBOXING = YES;
				GCC_C_LANGUAGE_STANDARD = gnu17;
				GCC_DYNAMIC_NO_PIC = NO;
				GCC_NO_COMMON_BLOCKS = YES;
				GCC_OPTIMIZATION_LEVEL = 0;
				GCC_PREPROCESSOR_DEFINITIONS = (
					"DEBUG=1",
					"$(inherited)",
				);
				GCC_WARN_64_TO_32_BIT_CONVERSION = YES;
				GCC_WARN_ABOUT_RETURN_TYPE = YES_ERROR;
				GCC_WARN_UNDECLARED_SELECTOR = YES;
				GCC_WARN_UNINITIALIZED_AUTOS = YES_AGGRESSIVE;
				GCC_WARN_UNUSED_FUNCTION = YES;
				GCC_WARN_UNUSED_VARIABLE = YES;
				LOCALIZATION_PREFERS_STRING_CATALOGS = YES;
				MTL_ENABLE_DEBUG_INFO = INCLUDE_SOURCE;
				MTL_FAST_MATH = YES;
				ONLY_ACTIVE_ARCH = YES;
				SWIFT_ACTIVE_COMPILATION_CONDITIONS = "DEBUG $(inherited)";
				SWIFT_OPTIMIZATION_LEVEL = "-Onone";
			};
			name = Debug;
		};
		83DDA74A2C769E8F00C66EB7 /* Release */ = {
			isa = XCBuildConfiguration;
			buildSettings = {
				ALWAYS_SEARCH_USER_PATHS = NO;
				ASSETCATALOG_COMPILER_GENERATE_SWIFT_ASSET_SYMBOL_EXTENSIONS = YES;
				CLANG_ANALYZER_NONNULL = YES;
				CLANG_ANALYZER_NUMBER_OBJECT_CONVERSION = YES_AGGRESSIVE;
				CLANG_CXX_LANGUAGE_STANDARD = "gnu++20";
				CLANG_ENABLE_MODULES = YES;
				CLANG_ENABLE_OBJC_ARC = YES;
				CLANG_ENABLE_OBJC_WEAK = YES;
				CLANG_WARN_BLOCK_CAPTURE_AUTORELEASING = YES;
				CLANG_WARN_BOOL_CONVERSION = YES;
				CLANG_WARN_COMMA = YES;
				CLANG_WARN_CONSTANT_CONVERSION = YES;
				CLANG_WARN_DEPRECATED_OBJC_IMPLEMENTATIONS = YES;
				CLANG_WARN_DIRECT_OBJC_ISA_USAGE = YES_ERROR;
				CLANG_WARN_DOCUMENTATION_COMMENTS = YES;
				CLANG_WARN_EMPTY_BODY = YES;
				CLANG_WARN_ENUM_CONVERSION = YES;
				CLANG_WARN_INFINITE_RECURSION = YES;
				CLANG_WARN_INT_CONVERSION = YES;
				CLANG_WARN_NON_LITERAL_NULL_CONVERSION = YES;
				CLANG_WARN_OBJC_IMPLICIT_RETAIN_SELF = YES;
				CLANG_WARN_OBJC_LITERAL_CONVERSION = YES;
				CLANG_WARN_OBJC_ROOT_CLASS = YES_ERROR;
				CLANG_WARN_QUOTED_INCLUDE_IN_FRAMEWORK_HEADER = YES;
				CLANG_WARN_RANGE_LOOP_ANALYSIS = YES;
				CLANG_WARN_STRICT_PROTOTYPES = YES;
				CLANG_WARN_SUSPICIOUS_MOVE = YES;
				CLANG_WARN_UNGUARDED_AVAILABILITY = YES_AGGRESSIVE;
				CLANG_WARN_UNREACHABLE_CODE = YES;
				CLANG_WARN__DUPLICATE_METHOD_MATCH = YES;
				COPY_PHASE_STRIP = NO;
				DEBUG_INFORMATION_FORMAT = "dwarf-with-dsym";
				ENABLE_NS_ASSERTIONS = NO;
				ENABLE_STRICT_OBJC_MSGSEND = YES;
				ENABLE_USER_SCRIPT_SANDBOXING = YES;
				GCC_C_LANGUAGE_STANDARD = gnu17;
				GCC_NO_COMMON_BLOCKS = YES;
				GCC_WARN_64_TO_32_BIT_CONVERSION = YES;
				GCC_WARN_ABOUT_RETURN_TYPE = YES_ERROR;
				GCC_WARN_UNDECLARED_SELECTOR = YES;
				GCC_WARN_UNINITIALIZED_AUTOS = YES_AGGRESSIVE;
				GCC_WARN_UNUSED_FUNCTION = YES;
				GCC_WARN_UNUSED_VARIABLE = YES;
				LOCALIZATION_PREFERS_STRING_CATALOGS = YES;
				MTL_ENABLE_DEBUG_INFO = NO;
				MTL_FAST_MATH = YES;
				SWIFT_COMPILATION_MODE = wholemodule;
			};
			name = Release;
		};
		83DDA74C2C769E8F00C66EB7 /* Debug */ = {
			isa = XCBuildConfiguration;
			buildSettings = {
				ASSETCATALOG_COMPILER_APPICON_NAME = AppIcon;
				ASSETCATALOG_COMPILER_GLOBAL_ACCENT_COLOR_NAME = AccentColor;
				CODE_SIGN_ENTITLEMENTS = "SwingSensei AI/SwingSensei_AI.entitlements";
				CODE_SIGN_STYLE = Automatic;
				CURRENT_PROJECT_VERSION = 1;
				DEVELOPMENT_ASSET_PATHS = "\"SwingSensei AI/Preview Content\"";
				DEVELOPMENT_TEAM = NJ3A658XNY;
				ENABLE_PREVIEWS = YES;
				GENERATE_INFOPLIST_FILE = YES;
				INFOPLIST_KEY_NSCameraUsageDescription = "SwingSensei AI needs access to your camera to record your swing.";
				INFOPLIST_KEY_NSMicrophoneUsageDescription = "SwingSensei AI requires access to your microphone to record your swing video with audio.";
				INFOPLIST_KEY_NSPhotoLibraryAddUsageDescription = "SwingSensei AI needs access to your photo library to save your swing videos.";
				"INFOPLIST_KEY_UIApplicationSceneManifest_Generation[sdk=iphoneos*]" = YES;
				"INFOPLIST_KEY_UIApplicationSceneManifest_Generation[sdk=iphonesimulator*]" = YES;
				"INFOPLIST_KEY_UIApplicationSupportsIndirectInputEvents[sdk=iphoneos*]" = YES;
				"INFOPLIST_KEY_UIApplicationSupportsIndirectInputEvents[sdk=iphonesimulator*]" = YES;
				"INFOPLIST_KEY_UILaunchScreen_Generation[sdk=iphoneos*]" = YES;
				"INFOPLIST_KEY_UILaunchScreen_Generation[sdk=iphonesimulator*]" = YES;
				"INFOPLIST_KEY_UIStatusBarStyle[sdk=iphoneos*]" = UIStatusBarStyleDefault;
				"INFOPLIST_KEY_UIStatusBarStyle[sdk=iphonesimulator*]" = UIStatusBarStyleDefault;
				INFOPLIST_KEY_UISupportedInterfaceOrientations_iPad = "UIInterfaceOrientationPortrait UIInterfaceOrientationPortraitUpsideDown UIInterfaceOrientationLandscapeLeft UIInterfaceOrientationLandscapeRight";
				INFOPLIST_KEY_UISupportedInterfaceOrientations_iPhone = "UIInterfaceOrientationPortrait UIInterfaceOrientationPortrait UIInterfaceOrientationLandscapeLeft UIInterfaceOrientationLandscapeRight";
				IPHONEOS_DEPLOYMENT_TARGET = 17.5;
				LD_RUNPATH_SEARCH_PATHS = "@executable_path/Frameworks";
				"LD_RUNPATH_SEARCH_PATHS[sdk=macosx*]" = "@executable_path/../Frameworks";
				MACOSX_DEPLOYMENT_TARGET = 14.5;
				MARKETING_VERSION = 1.0;
				PRODUCT_BUNDLE_IDENTIFIER = "com.SwingSensei-AI.ayushkrishnappa.SwingSensei-AI";
				PRODUCT_NAME = "$(TARGET_NAME)";
				SDKROOT = auto;
				SUPPORTED_PLATFORMS = "iphoneos iphonesimulator macosx";
				SWIFT_EMIT_LOC_STRINGS = YES;
				SWIFT_VERSION = 5.0;
				TARGETED_DEVICE_FAMILY = "1,2";
			};
			name = Debug;
		};
		83DDA74D2C769E8F00C66EB7 /* Release */ = {
			isa = XCBuildConfiguration;
			buildSettings = {
				ASSETCATALOG_COMPILER_APPICON_NAME = AppIcon;
				ASSETCATALOG_COMPILER_GLOBAL_ACCENT_COLOR_NAME = AccentColor;
				CODE_SIGN_ENTITLEMENTS = "SwingSensei AI/SwingSensei_AI.entitlements";
				CODE_SIGN_STYLE = Automatic;
				CURRENT_PROJECT_VERSION = 1;
				DEVELOPMENT_ASSET_PATHS = "\"SwingSensei AI/Preview Content\"";
				DEVELOPMENT_TEAM = NJ3A658XNY;
				ENABLE_PREVIEWS = YES;
				GENERATE_INFOPLIST_FILE = YES;
				INFOPLIST_KEY_NSCameraUsageDescription = "SwingSensei AI needs access to your camera to record your swing.";
				INFOPLIST_KEY_NSMicrophoneUsageDescription = "SwingSensei AI requires access to your microphone to record your swing video with audio.";
				INFOPLIST_KEY_NSPhotoLibraryAddUsageDescription = "SwingSensei AI needs access to your photo library to save your swing videos.";
				"INFOPLIST_KEY_UIApplicationSceneManifest_Generation[sdk=iphoneos*]" = YES;
				"INFOPLIST_KEY_UIApplicationSceneManifest_Generation[sdk=iphonesimulator*]" = YES;
				"INFOPLIST_KEY_UIApplicationSupportsIndirectInputEvents[sdk=iphoneos*]" = YES;
				"INFOPLIST_KEY_UIApplicationSupportsIndirectInputEvents[sdk=iphonesimulator*]" = YES;
				"INFOPLIST_KEY_UILaunchScreen_Generation[sdk=iphoneos*]" = YES;
				"INFOPLIST_KEY_UILaunchScreen_Generation[sdk=iphonesimulator*]" = YES;
				"INFOPLIST_KEY_UIStatusBarStyle[sdk=iphoneos*]" = UIStatusBarStyleDefault;
				"INFOPLIST_KEY_UIStatusBarStyle[sdk=iphonesimulator*]" = UIStatusBarStyleDefault;
				INFOPLIST_KEY_UISupportedInterfaceOrientations_iPad = "UIInterfaceOrientationPortrait UIInterfaceOrientationPortraitUpsideDown UIInterfaceOrientationLandscapeLeft UIInterfaceOrientationLandscapeRight";
				INFOPLIST_KEY_UISupportedInterfaceOrientations_iPhone = "UIInterfaceOrientationPortrait UIInterfaceOrientationPortrait UIInterfaceOrientationLandscapeLeft UIInterfaceOrientationLandscapeRight";
				IPHONEOS_DEPLOYMENT_TARGET = 17.5;
				LD_RUNPATH_SEARCH_PATHS = "@executable_path/Frameworks";
				"LD_RUNPATH_SEARCH_PATHS[sdk=macosx*]" = "@executable_path/../Frameworks";
				MACOSX_DEPLOYMENT_TARGET = 14.5;
				MARKETING_VERSION = 1.0;
				PRODUCT_BUNDLE_IDENTIFIER = "com.SwingSensei-AI.ayushkrishnappa.SwingSensei-AI";
				PRODUCT_NAME = "$(TARGET_NAME)";
				SDKROOT = auto;
				SUPPORTED_PLATFORMS = "iphoneos iphonesimulator macosx";
				SWIFT_EMIT_LOC_STRINGS = YES;
				SWIFT_VERSION = 5.0;
				TARGETED_DEVICE_FAMILY = "1,2";
			};
			name = Release;
		};
		83DDA74F2C769E8F00C66EB7 /* Debug */ = {
			isa = XCBuildConfiguration;
			buildSettings = {
				ALWAYS_EMBED_SWIFT_STANDARD_LIBRARIES = YES;
				BUNDLE_LOADER = "$(TEST_HOST)";
				CODE_SIGN_STYLE = Automatic;
				CURRENT_PROJECT_VERSION = 1;
				GENERATE_INFOPLIST_FILE = YES;
				IPHONEOS_DEPLOYMENT_TARGET = 17.5;
				MACOSX_DEPLOYMENT_TARGET = 14.5;
				MARKETING_VERSION = 1.0;
				PRODUCT_BUNDLE_IDENTIFIER = "com.SwingSensei-AI.ayushkrishnappa.SwingSensei-AITests";
				PRODUCT_NAME = "$(TARGET_NAME)";
				SDKROOT = auto;
				SUPPORTED_PLATFORMS = "iphoneos iphonesimulator macosx";
				SWIFT_EMIT_LOC_STRINGS = NO;
				SWIFT_VERSION = 5.0;
				TARGETED_DEVICE_FAMILY = "1,2";
				TEST_HOST = "$(BUILT_PRODUCTS_DIR)/SwingSensei AI.app/$(BUNDLE_EXECUTABLE_FOLDER_PATH)/SwingSensei AI";
			};
			name = Debug;
		};
		83DDA7502C769E8F00C66EB7 /* Release */ = {
			isa = XCBuildConfiguration;
			buildSettings = {
				ALWAYS_EMBED_SWIFT_STANDARD_LIBRARIES = YES;
				BUNDLE_LOADER = "$(TEST_HOST)";
				CODE_SIGN_STYLE = Automatic;
				CURRENT_PROJECT_VERSION = 1;
				GENERATE_INFOPLIST_FILE = YES;
				IPHONEOS_DEPLOYMENT_TARGET = 17.5;
				MACOSX_DEPLOYMENT_TARGET = 14.5;
				MARKETING_VERSION = 1.0;
				PRODUCT_BUNDLE_IDENTIFIER = "com.SwingSensei-AI.ayushkrishnappa.SwingSensei-AITests";
				PRODUCT_NAME = "$(TARGET_NAME)";
				SDKROOT = auto;
				SUPPORTED_PLATFORMS = "iphoneos iphonesimulator macosx";
				SWIFT_EMIT_LOC_STRINGS = NO;
				SWIFT_VERSION = 5.0;
				TARGETED_DEVICE_FAMILY = "1,2";
				TEST_HOST = "$(BUILT_PRODUCTS_DIR)/SwingSensei AI.app/$(BUNDLE_EXECUTABLE_FOLDER_PATH)/SwingSensei AI";
			};
			name = Release;
		};
		83DDA7522C769E8F00C66EB7 /* Debug */ = {
			isa = XCBuildConfiguration;
			buildSettings = {
				ALWAYS_EMBED_SWIFT_STANDARD_LIBRARIES = YES;
				CODE_SIGN_STYLE = Automatic;
				CURRENT_PROJECT_VERSION = 1;
				GENERATE_INFOPLIST_FILE = YES;
				IPHONEOS_DEPLOYMENT_TARGET = 17.5;
				MACOSX_DEPLOYMENT_TARGET = 14.5;
				MARKETING_VERSION = 1.0;
				PRODUCT_BUNDLE_IDENTIFIER = "com.SwingSensei-AI.ayushkrishnappa.SwingSensei-AIUITests";
				PRODUCT_NAME = "$(TARGET_NAME)";
				SDKROOT = auto;
				SUPPORTED_PLATFORMS = "iphoneos iphonesimulator macosx";
				SWIFT_EMIT_LOC_STRINGS = NO;
				SWIFT_VERSION = 5.0;
				TARGETED_DEVICE_FAMILY = "1,2";
				TEST_TARGET_NAME = "SwingSensei AI";
			};
			name = Debug;
		};
		83DDA7532C769E8F00C66EB7 /* Release */ = {
			isa = XCBuildConfiguration;
			buildSettings = {
				ALWAYS_EMBED_SWIFT_STANDARD_LIBRARIES = YES;
				CODE_SIGN_STYLE = Automatic;
				CURRENT_PROJECT_VERSION = 1;
				GENERATE_INFOPLIST_FILE = YES;
				IPHONEOS_DEPLOYMENT_TARGET = 17.5;
				MACOSX_DEPLOYMENT_TARGET = 14.5;
				MARKETING_VERSION = 1.0;
				PRODUCT_BUNDLE_IDENTIFIER = "com.SwingSensei-AI.ayushkrishnappa.SwingSensei-AIUITests";
				PRODUCT_NAME = "$(TARGET_NAME)";
				SDKROOT = auto;
				SUPPORTED_PLATFORMS = "iphoneos iphonesimulator macosx";
				SWIFT_EMIT_LOC_STRINGS = NO;
				SWIFT_VERSION = 5.0;
				TARGETED_DEVICE_FAMILY = "1,2";
				TEST_TARGET_NAME = "SwingSensei AI";
			};
			name = Release;
		};
/* End XCBuildConfiguration section */

/* Begin XCConfigurationList section */
		83DDA71C2C769E8D00C66EB7 /* Build configuration list for PBXProject "SwingSensei AI" */ = {
			isa = XCConfigurationList;
			buildConfigurations = (
				83DDA7492C769E8F00C66EB7 /* Debug */,
				83DDA74A2C769E8F00C66EB7 /* Release */,
			);
			defaultConfigurationIsVisible = 0;
			defaultConfigurationName = Release;
		};
		83DDA74B2C769E8F00C66EB7 /* Build configuration list for PBXNativeTarget "SwingSensei AI" */ = {
			isa = XCConfigurationList;
			buildConfigurations = (
				83DDA74C2C769E8F00C66EB7 /* Debug */,
				83DDA74D2C769E8F00C66EB7 /* Release */,
			);
			defaultConfigurationIsVisible = 0;
			defaultConfigurationName = Release;
		};
		83DDA74E2C769E8F00C66EB7 /* Build configuration list for PBXNativeTarget "SwingSensei AITests" */ = {
			isa = XCConfigurationList;
			buildConfigurations = (
				83DDA74F2C769E8F00C66EB7 /* Debug */,
				83DDA7502C769E8F00C66EB7 /* Release */,
			);
			defaultConfigurationIsVisible = 0;
			defaultConfigurationName = Release;
		};
		83DDA7512C769E8F00C66EB7 /* Build configuration list for PBXNativeTarget "SwingSensei AIUITests" */ = {
			isa = XCConfigurationList;
			buildConfigurations = (
				83DDA7522C769E8F00C66EB7 /* Debug */,
				83DDA7532C769E8F00C66EB7 /* Release */,
			);
			defaultConfigurationIsVisible = 0;
			defaultConfigurationName = Release;
		};
/* End XCConfigurationList section */

/* Begin XCVersionGroup section */
		83DDA7282C769E8D00C66EB7 /* SwingSensei_AI.xcdatamodeld */ = {
			isa = XCVersionGroup;
			children = (
				83DDA7292C769E8D00C66EB7 /* SwingSensei_AI.xcdatamodel */,
			);
			currentVersion = 83DDA7292C769E8D00C66EB7 /* SwingSensei_AI.xcdatamodel */;
			path = SwingSensei_AI.xcdatamodeld;
			sourceTree = "<group>";
			versionGroupType = wrapper.xcdatamodel;
		};
/* End XCVersionGroup section */
	};
	rootObject = 83DDA7192C769E8D00C66EB7 /* Project object */;
}
